
Microsoft Visual Studio Solution File, Format Version 12.00
# Visual Studio Version 17
VisualStudioVersion = 17.3.32825.248
MinimumVisualStudioVersion = 10.0.40219.1
Project("{FAE04EC0-301F-11D3-BF4B-00C04F79EFBC}") = "UtilityBot", "UtilityBot\UtilityBot.csproj", "{A948DA15-FF80-4255-8F33-82EBE6DC1143}"
EndProject
Global
	GlobalSection(SolutionConfigurationPlatforms) = preSolution
		Debug|Any CPU = Debug|Any CPU
		Release|Any CPU = Release|Any CPU
	EndGlobalSection
	GlobalSection(ProjectConfigurationPlatforms) = postSolution
		{A948DA15-FF80-4255-8F33-82EBE6DC1143}.Debug|Any CPU.ActiveCfg = Debug|Any CPU
		{A948DA15-FF80-4255-8F33-82EBE6DC1143}.Debug|Any CPU.Build.0 = Debug|Any CPU
		{A948DA15-FF80-4255-8F33-82EBE6DC1143}.Release|Any CPU.ActiveCfg = Release|Any CPU
		{A948DA15-FF80-4255-8F33-82EBE6DC1143}.Release|Any CPU.Build.0 = Release|Any CPU
	EndGlobalSection
	GlobalSection(SolutionProperties) = preSolution
		HideSolutionNode = FALSE
	EndGlobalSection
	GlobalSection(ExtensibilityGlobals) = postSolution
		SolutionGuid = {829E78C7-D860-46BC-9DEC-A94A7FFE656F}
	EndGlobalSection
EndGlobal
